
Microsoft Visual Studio Solution File, Format Version 12.00
# Visual Studio 2013
VisualStudioVersion = 12.0.31101.0
MinimumVisualStudioVersion = 10.0.40219.1
Project("{8BC9CEB8-8B4A-11D0-8D11-00A0C91BC942}") = "osuSkills_sim", "osuSkills_sim\osuSkills_sim.vcxproj", "{9E1BA188-D9C0-4193-B287-0FC63FE05011}"
EndProject
Global
	GlobalSection(SolutionConfigurationPlatforms) = preSolution
		Debug|Win32 = Debug|Win32
		Release|Win32 = Release|Win32
	EndGlobalSection
	GlobalSection(ProjectConfigurationPlatforms) = postSolution
		{9E1BA188-D9C0-4193-B287-0FC63FE05011}.Debug|Win32.ActiveCfg = Debug|Win32
		{9E1BA188-D9C0-4193-B287-0FC63FE05011}.Debug|Win32.Build.0 = Debug|Win32
		{9E1BA188-D9C0-4193-B287-0FC63FE05011}.Release|Win32.ActiveCfg = Release|Win32
		{9E1BA188-D9C0-4193-B287-0FC63FE05011}.Release|Win32.Build.0 = Release|Win32
	EndGlobalSection
	GlobalSection(SolutionProperties) = preSolution
		HideSolutionNode = FALSE
	EndGlobalSection
EndGlobal
