<?xml version="1.0" encoding="utf-8"?>
<Project ToolsVersion="4.0" xmlns="http://schemas.microsoft.com/developer/msbuild/2003">
  <ItemGroup>
    <Filter Include="Source Files">
      <UniqueIdentifier>{4FC737F1-C7A5-4376-A066-2A32D752A2FF}</UniqueIdentifier>
      <Extensions>cpp;c;cc;cxx;def;odl;idl;hpj;bat;asm;asmx</Extensions>
    </Filter>
    <Filter Include="Header Files">
      <UniqueIdentifier>{93995380-89BD-4b04-88EB-625FBE52EBFB}</UniqueIdentifier>
      <Extensions>h;hh;hpp;hxx;hm;inl;inc;xsd</Extensions>
    </Filter>
    <Filter Include="Resource Files">
      <UniqueIdentifier>{67DA6AB6-F800-4c08-8B7A-83BB121AAD01}</UniqueIdentifier>
      <Extensions>rc;ico;cur;bmp;dlg;rc2;rct;bin;rgs;gif;jpg;jpeg;jpe;resx;tiff;tif;png;wav;mfcribbon-ms</Extensions>
    </Filter>
    <Filter Include="Header Files\osu!">
      <UniqueIdentifier>{0e8bfce2-d818-4cc5-8120-c389905d5d02}</UniqueIdentifier>
    </Filter>
    <Filter Include="Source Files\osu!">
      <UniqueIdentifier>{440f2137-0c85-46de-ac56-7c7d7f0fd364}</UniqueIdentifier>
    </Filter>
    <Filter Include="Source Files\ui">
      <UniqueIdentifier>{229b9872-ada9-4cac-b8fe-aad9fcea271f}</UniqueIdentifier>
    </Filter>
    <Filter Include="Header Files\math">
      <UniqueIdentifier>{24f9e66e-1793-4c8e-9211-ff276f78ff7a}</UniqueIdentifier>
    </Filter>
    <Filter Include="Source Files\math">
      <UniqueIdentifier>{b3d1ce74-c772-48c5-a96d-d483bba0184c}</UniqueIdentifier>
    </Filter>
    <Filter Include="Source Files\osu!\Skills">
      <UniqueIdentifier>{2bc4d5b3-e6ee-4615-b2cd-1ceba30d1395}</UniqueIdentifier>
    </Filter>
    <Filter Include="Header Files\osu!\File structure">
      <UniqueIdentifier>{ef39ef96-90db-4ed5-a692-b7515e315d0f}</UniqueIdentifier>
    </Filter>
    <Filter Include="Source Files\osu!\File Structure">
      <UniqueIdentifier>{65954da7-0207-450f-ac71-e1ae5d288734}</UniqueIdentifier>
    </Filter>
    <Filter Include="Source Files\osu!\Drawable">
      <UniqueIdentifier>{841338f5-687f-4ba1-9eed-219e46ab09ce}</UniqueIdentifier>
    </Filter>
    <Filter Include="Header Files\osu!\Drawable">
      <UniqueIdentifier>{dfe91b6f-1cbd-41c7-a3cc-3360d26ec8f9}</UniqueIdentifier>
    </Filter>
    <Filter Include="Header Files\osu!\File structure\LZMA">
      <UniqueIdentifier>{d0258a94-3a4f-4e31-8d94-60849d956fe4}</UniqueIdentifier>
    </Filter>
    <Filter Include="Header Files\osu!\File structure\LZMA\7-Zip">
      <UniqueIdentifier>{78e9109d-7c57-44fb-84c6-37986348ca82}</UniqueIdentifier>
    </Filter>
    <Filter Include="Source Files\osu!\File Structure\LZMA">
      <UniqueIdentifier>{4991d2e0-cf30-4574-82df-fca68ee1233d}</UniqueIdentifier>
    </Filter>
    <Filter Include="Source Files\osu!\File Structure\LZMA\7-ZIP">
      <UniqueIdentifier>{f0f6cb39-e493-4cfe-8408-2b3dbe2c4f47}</UniqueIdentifier>
    </Filter>
    <Filter Include="Header Files\ui">
      <UniqueIdentifier>{13d556fa-178f-42cb-9901-d7eb666e182c}</UniqueIdentifier>
    </Filter>
    <Filter Include="Source Files\osu!\Skills\osu!std">
      <UniqueIdentifier>{6892c392-9386-4286-9948-03a959637dbb}</UniqueIdentifier>
    </Filter>
    <Filter Include="Source Files\osu!\Skills\osu!catch">
      <UniqueIdentifier>{6d9be190-bceb-4206-81cc-813c4ab5379b}</UniqueIdentifier>
    </Filter>
    <Filter Include="Source Files\osu!\Skills\osu!taiko">
      <UniqueIdentifier>{ab555368-e842-482a-8785-2b75a11ebf91}</UniqueIdentifier>
    </Filter>
    <Filter Include="Source Files\osu!\Skills\osu!mania">
      <UniqueIdentifier>{caf438d1-da27-499d-b6a8-f66b3cc89dc1}</UniqueIdentifier>
    </Filter>
    <Filter Include="Source Files\osu!\Skills\osu!dodge">
      <UniqueIdentifier>{456af879-6431-449f-9907-fb810c9c8dfa}</UniqueIdentifier>
    </Filter>
    <Filter Include="Header Files\osu!\Skills">
      <UniqueIdentifier>{23911ad5-30ef-4440-acc4-07f8f3d9548b}</UniqueIdentifier>
    </Filter>
    <Filter Include="Header Files\osu!\Skills\osu!std">
      <UniqueIdentifier>{42910582-9999-47a8-b450-29061f302288}</UniqueIdentifier>
    </Filter>
    <Filter Include="Header Files\osu!\Skills\osu!catch">
      <UniqueIdentifier>{09b1affd-e4f3-4478-b8f5-88a4cca6b60e}</UniqueIdentifier>
    </Filter>
    <Filter Include="Header Files\osu!\Skills\osu!taiko">
      <UniqueIdentifier>{0985dca4-cd17-4995-877c-5a4951b3d1bc}</UniqueIdentifier>
    </Filter>
    <Filter Include="Header Files\osu!\Skills\osu!mania">
      <UniqueIdentifier>{16d7e77f-c7bb-486f-a5fa-304d633c66de}</UniqueIdentifier>
    </Filter>
    <Filter Include="Header Files\osu!\Skills\osu!dodge">
      <UniqueIdentifier>{81514976-d826-46e1-811d-83a2ebc9e942}</UniqueIdentifier>
    </Filter>
    <Filter Include="Source Files\osu!\Score">
      <UniqueIdentifier>{207b5401-3a97-4051-87bc-d5ccc0b525f5}</UniqueIdentifier>
    </Filter>
    <Filter Include="Source Files\osu!\Score\osu!taiko">
      <UniqueIdentifier>{951dfb2c-f182-4f73-bba6-91801ed46b89}</UniqueIdentifier>
    </Filter>
    <Filter Include="Source Files\osu!\Score\osu!std">
      <UniqueIdentifier>{9c42329c-d501-47a6-b1a8-1cf48b267703}</UniqueIdentifier>
    </Filter>
    <Filter Include="Source Files\osu!\Score\osu!mania">
      <UniqueIdentifier>{500da1be-af19-421f-a500-ac07c28625a1}</UniqueIdentifier>
    </Filter>
    <Filter Include="Source Files\osu!\Score\osu!dodge">
      <UniqueIdentifier>{74981b60-7863-420f-862d-48f864c9ee6a}</UniqueIdentifier>
    </Filter>
    <Filter Include="Source Files\osu!\Score\osu!catch">
      <UniqueIdentifier>{5fc86751-37cf-4e4d-9f18-c9a4f1ccea29}</UniqueIdentifier>
    </Filter>
    <Filter Include="Header Files\osu!\Score">
      <UniqueIdentifier>{9abca153-0745-49f2-bfb1-f8515e898294}</UniqueIdentifier>
    </Filter>
    <Filter Include="Header Files\osu!\Score\osu!taiko">
      <UniqueIdentifier>{d47e56d0-925b-43bb-9f39-71abc827f712}</UniqueIdentifier>
    </Filter>
    <Filter Include="Header Files\osu!\Score\osu!standard">
      <UniqueIdentifier>{c1e1aa1e-0c7f-4ef3-8add-4c68888b815e}</UniqueIdentifier>
    </Filter>
    <Filter Include="Header Files\osu!\Score\osu!mania">
      <UniqueIdentifier>{ed83aa1b-f459-4ab7-8847-012540b2daf9}</UniqueIdentifier>
    </Filter>
    <Filter Include="Header Files\osu!\Score\osu!dodge">
      <UniqueIdentifier>{0e5c34c9-ab58-487b-9714-0eb566eb9547}</UniqueIdentifier>
    </Filter>
    <Filter Include="Header Files\osu!\Score\osu!catch">
      <UniqueIdentifier>{3ef36201-6381-4d8e-934f-0e9776dd24a2}</UniqueIdentifier>
    </Filter>
  </ItemGroup>
  <ItemGroup>
    <ClCompile Include="main.cpp">
      <Filter>Source Files</Filter>
    </ClCompile>
    <ClCompile Include="osu!\Filestructure\LZMA.cpp">
      <Filter>Source Files\osu!\File Structure\LZMA</Filter>
    </ClCompile>
    <ClCompile Include="osu!\Filestructure\LZMA\easylzma\common_internal.c">
      <Filter>Source Files\osu!\File Structure\LZMA</Filter>
    </ClCompile>
    <ClCompile Include="osu!\Filestructure\LZMA\easylzma\compress.c">
      <Filter>Source Files\osu!\File Structure\LZMA</Filter>
    </ClCompile>
    <ClCompile Include="osu!\Filestructure\LZMA\easylzma\decompress.c">
      <Filter>Source Files\osu!\File Structure\LZMA</Filter>
    </ClCompile>
    <ClCompile Include="osu!\Filestructure\LZMA\easylzma\lzip_header.c">
      <Filter>Source Files\osu!\File Structure\LZMA</Filter>
    </ClCompile>
    <ClCompile Include="osu!\Filestructure\LZMA\easylzma\lzma_header.c">
      <Filter>Source Files\osu!\File Structure\LZMA</Filter>
    </ClCompile>
    <ClCompile Include="osu!\Filestructure\LZMA\easylzma\pavlov\7zBuf.c">
      <Filter>Source Files\osu!\File Structure\LZMA\7-ZIP</Filter>
    </ClCompile>
    <ClCompile Include="osu!\Filestructure\LZMA\easylzma\pavlov\7zBuf2.c">
      <Filter>Source Files\osu!\File Structure\LZMA\7-ZIP</Filter>
    </ClCompile>
    <ClCompile Include="osu!\Filestructure\LZMA\easylzma\pavlov\7zCrc.c">
      <Filter>Source Files\osu!\File Structure\LZMA\7-ZIP</Filter>
    </ClCompile>
    <ClCompile Include="osu!\Filestructure\LZMA\easylzma\pavlov\7zFile.c">
      <Filter>Source Files\osu!\File Structure\LZMA\7-ZIP</Filter>
    </ClCompile>
    <ClCompile Include="osu!\Filestructure\LZMA\easylzma\pavlov\7zStream.c">
      <Filter>Source Files\osu!\File Structure\LZMA\7-ZIP</Filter>
    </ClCompile>
    <ClCompile Include="osu!\Filestructure\LZMA\easylzma\pavlov\Alloc.c">
      <Filter>Source Files\osu!\File Structure\LZMA\7-ZIP</Filter>
    </ClCompile>
    <ClCompile Include="osu!\Filestructure\LZMA\easylzma\pavlov\Bcj2.c">
      <Filter>Source Files\osu!\File Structure\LZMA\7-ZIP</Filter>
    </ClCompile>
    <ClCompile Include="osu!\Filestructure\LZMA\easylzma\pavlov\Bra.c">
      <Filter>Source Files\osu!\File Structure\LZMA\7-ZIP</Filter>
    </ClCompile>
    <ClCompile Include="osu!\Filestructure\LZMA\easylzma\pavlov\Bra86.c">
      <Filter>Source Files\osu!\File Structure\LZMA\7-ZIP</Filter>
    </ClCompile>
    <ClCompile Include="osu!\Filestructure\LZMA\easylzma\pavlov\BraIA64.c">
      <Filter>Source Files\osu!\File Structure\LZMA\7-ZIP</Filter>
    </ClCompile>
    <ClCompile Include="osu!\Filestructure\LZMA\easylzma\pavlov\LzFind.c">
      <Filter>Source Files\osu!\File Structure\LZMA\7-ZIP</Filter>
    </ClCompile>
    <ClCompile Include="osu!\Filestructure\LZMA\easylzma\pavlov\LzmaDec.c">
      <Filter>Source Files\osu!\File Structure\LZMA\7-ZIP</Filter>
    </ClCompile>
    <ClCompile Include="osu!\Filestructure\LZMA\easylzma\pavlov\LzmaEnc.c">
      <Filter>Source Files\osu!\File Structure\LZMA\7-ZIP</Filter>
    </ClCompile>
    <ClCompile Include="osu!\Filestructure\LZMA\easylzma\pavlov\LzmaLib.c">
      <Filter>Source Files\osu!\File Structure\LZMA\7-ZIP</Filter>
    </ClCompile>
    <ClCompile Include="osu!\Filestructure\Beatmap.cpp">
      <Filter>Source Files\osu!\File Structure</Filter>
    </ClCompile>
    <ClCompile Include="osu!\Filestructure\Bezier.cpp">
      <Filter>Source Files\osu!\File Structure</Filter>
    </ClCompile>
    <ClCompile Include="osu!\Filestructure\CircumscribedCircle.cpp">
      <Filter>Source Files\osu!\File Structure</Filter>
    </ClCompile>
    <ClCompile Include="osu!\Filestructure\Play.cpp">
      <Filter>Source Files\osu!\File Structure</Filter>
    </ClCompile>
    <ClCompile Include="osu!\Filestructure\Replay.cpp">
      <Filter>Source Files\osu!\File Structure</Filter>
    </ClCompile>
    <ClCompile Include="osu!\Drawable\Hitcircle.cpp">
      <Filter>Source Files\osu!\Drawable</Filter>
    </ClCompile>
    <ClCompile Include="osu!\Drawable\HitNote.cpp">
      <Filter>Source Files\osu!\Drawable</Filter>
    </ClCompile>
    <ClCompile Include="osu!\Drawable\OsuManiaRenderercpp.cpp">
      <Filter>Source Files\osu!\Drawable</Filter>
    </ClCompile>
    <ClCompile Include="osu!\Drawable\OsuStdRenderer.cpp">
      <Filter>Source Files\osu!\Drawable</Filter>
    </ClCompile>
    <ClCompile Include="osu!\Drawable\TimingGraph.cpp">
      <Filter>Source Files\osu!\Drawable</Filter>
    </ClCompile>
    <ClCompile Include="osu!\Drawable\TimingObject.cpp">
      <Filter>Source Files\osu!\Drawable</Filter>
    </ClCompile>
    <ClCompile Include="ui\Button.cpp">
      <Filter>Source Files\ui</Filter>
    </ClCompile>
    <ClCompile Include="ui\Dialog.cpp">
      <Filter>Source Files\ui</Filter>
    </ClCompile>
    <ClCompile Include="ui\drawUtils.cpp">
      <Filter>Source Files\ui</Filter>
    </ClCompile>
    <ClCompile Include="ui\Event.cpp">
      <Filter>Source Files\ui</Filter>
    </ClCompile>
    <ClCompile Include="ui\GuiObj.cpp">
      <Filter>Source Files\ui</Filter>
    </ClCompile>
    <ClCompile Include="ui\pane.cpp">
      <Filter>Source Files\ui</Filter>
    </ClCompile>
    <ClCompile Include="ui\Scrollbar.cpp">
      <Filter>Source Files\ui</Filter>
    </ClCompile>
    <ClCompile Include="ui\Slider.cpp">
      <Filter>Source Files\ui</Filter>
    </ClCompile>
    <ClCompile Include="ui\Window.cpp">
      <Filter>Source Files\ui</Filter>
    </ClCompile>
    <ClCompile Include="osu!\osuCalc.cpp">
      <Filter>Source Files\osu!</Filter>
    </ClCompile>
    <ClCompile Include="utils\Geometry.cpp">
      <Filter>Source Files\math</Filter>
    </ClCompile>
    <ClCompile Include="utils\Lambert.cpp">
      <Filter>Source Files\math</Filter>
    </ClCompile>
    <ClCompile Include="osu!\Filestructure\Hitobject.cpp">
      <Filter>Source Files\osu!\File Structure</Filter>
    </ClCompile>
    <ClCompile Include="osu!\Filestructure\TimingPoint.cpp">
      <Filter>Source Files\osu!\File Structure</Filter>
    </ClCompile>
    <ClCompile Include="osu!\Drawable\GamemodeRenderer.cpp">
      <Filter>Source Files\osu!\Drawable</Filter>
    </ClCompile>
    <ClCompile Include="osu!\Drawable\HitTimingGraph.cpp">
      <Filter>Source Files\osu!\Drawable</Filter>
    </ClCompile>
    <ClCompile Include="osu!\Skills\SkillEngine.cpp">
      <Filter>Source Files\osu!\Skills</Filter>
    </ClCompile>
    <ClCompile Include="osu!\Skills\osu-taiko\reading.cpp">
      <Filter>Source Files\osu!\Skills\osu!taiko</Filter>
    </ClCompile>
    <ClCompile Include="osu!\Skills\osu-taiko\speedControl.cpp">
      <Filter>Source Files\osu!\Skills\osu!taiko</Filter>
    </ClCompile>
    <ClCompile Include="osu!\Skills\osu-taiko\tappingControl.cpp">
      <Filter>Source Files\osu!\Skills\osu!taiko</Filter>
    </ClCompile>
    <ClCompile Include="osu!\Skills\osu-mania\accuracy.cpp">
      <Filter>Source Files\osu!\Skills\osu!mania</Filter>
    </ClCompile>
    <ClCompile Include="osu!\Skills\osu-mania\fingerBalance.cpp">
      <Filter>Source Files\osu!\Skills\osu!mania</Filter>
    </ClCompile>
    <ClCompile Include="osu!\Skills\osu-mania\handBalance.cpp">
      <Filter>Source Files\osu!\Skills\osu!mania</Filter>
    </ClCompile>
    <ClCompile Include="osu!\Skills\osu-mania\reading.cpp">
      <Filter>Source Files\osu!\Skills\osu!mania</Filter>
    </ClCompile>
    <ClCompile Include="osu!\Skills\osu-mania\rhythm.cpp">
      <Filter>Source Files\osu!\Skills\osu!mania</Filter>
    </ClCompile>
    <ClCompile Include="osu!\Skills\osu-mania\speedControl.cpp">
      <Filter>Source Files\osu!\Skills\osu!mania</Filter>
    </ClCompile>
    <ClCompile Include="osu!\Skills\osu-mania\tappingControl.cpp">
      <Filter>Source Files\osu!\Skills\osu!mania</Filter>
    </ClCompile>
    <ClCompile Include="osu!\Skills\osu-std\aimControl.cpp">
      <Filter>Source Files\osu!\Skills\osu!std</Filter>
    </ClCompile>
    <ClCompile Include="osu!\Skills\osu-std\movementControl.cpp">
      <Filter>Source Files\osu!\Skills\osu!std</Filter>
    </ClCompile>
    <ClCompile Include="osu!\Skills\osu-std\precisionControl.cpp">
      <Filter>Source Files\osu!\Skills\osu!std</Filter>
    </ClCompile>
    <ClCompile Include="osu!\Skills\osu-std\reading.cpp">
      <Filter>Source Files\osu!\Skills\osu!std</Filter>
    </ClCompile>
    <ClCompile Include="osu!\Skills\osu-std\speedControl.cpp">
      <Filter>Source Files\osu!\Skills\osu!std</Filter>
    </ClCompile>
    <ClCompile Include="osu!\Skills\osu-std\tappingControl.cpp">
      <Filter>Source Files\osu!\Skills\osu!std</Filter>
    </ClCompile>
    <ClCompile Include="osu!\Skills\osu-catch\precision.cpp">
      <Filter>Source Files\osu!\Skills\osu!catch</Filter>
    </ClCompile>
    <ClCompile Include="osu!\Skills\osu-catch\reading.cpp">
      <Filter>Source Files\osu!\Skills\osu!catch</Filter>
    </ClCompile>
    <ClCompile Include="osu!\Skills\osu-catch\speedControl.cpp">
      <Filter>Source Files\osu!\Skills\osu!catch</Filter>
    </ClCompile>
    <ClCompile Include="osu!\Skills\osu-catch\tappingControl.cpp">
      <Filter>Source Files\osu!\Skills\osu!catch</Filter>
    </ClCompile>
    <ClCompile Include="osu!\Score\osu-catch\score.cpp">
      <Filter>Source Files\osu!\Score\osu!catch</Filter>
    </ClCompile>
    <ClCompile Include="osu!\Score\osu-dodge\score.cpp">
      <Filter>Source Files\osu!\Score\osu!dodge</Filter>
    </ClCompile>
    <ClCompile Include="osu!\Score\osu-mania\score.cpp">
      <Filter>Source Files\osu!\Score\osu!mania</Filter>
    </ClCompile>
    <ClCompile Include="osu!\Score\osu-std\score.cpp">
      <Filter>Source Files\osu!\Score\osu!std</Filter>
    </ClCompile>
    <ClCompile Include="osu!\Score\osu-taiko\score.cpp">
      <Filter>Source Files\osu!\Score\osu!taiko</Filter>
    </ClCompile>
    <ClCompile Include="osu!\Score\ScoreEngine.cpp">
      <Filter>Source Files\osu!\Score</Filter>
    </ClCompile>
    <ClCompile Include="osu!\Skills\osuMania_skils.cpp">
      <Filter>Source Files\osu!\Skills</Filter>
    </ClCompile>
    <ClCompile Include="osu!\Skills\osuCatch_skills.cpp">
      <Filter>Source Files\osu!\Skills</Filter>
    </ClCompile>
    <ClCompile Include="osu!\Skills\osuDodge_skills.cpp">
      <Filter>Source Files\osu!\Skills</Filter>
    </ClCompile>
    <ClCompile Include="osu!\Skills\osuStandard_skills.cpp">
      <Filter>Source Files\osu!\Skills</Filter>
    </ClCompile>
    <ClCompile Include="osu!\Skills\osuTaiko_skills.cpp">
      <Filter>Source Files\osu!\Skills</Filter>
    </ClCompile>
    <ClCompile Include="osu!\Drawable\HitTimingMarker.cpp">
      <Filter>Source Files\osu!\Drawable</Filter>
    </ClCompile>
    <ClCompile Include="osu!\Filestructure\Mods.cpp">
      <Filter>Source Files\osu!\File Structure</Filter>
    </ClCompile>
    <ClCompile Include="osu!\osu_standard.cpp">
      <Filter>Source Files\osu!</Filter>
    </ClCompile>
    <ClCompile Include="osu!\Filestructure\SliderHitObject.cpp">
      <Filter>Source Files\osu!\File Structure</Filter>
    </ClCompile>
    <ClCompile Include="osu!\osuStructs.cpp">
      <Filter>Source Files\osu!</Filter>
    </ClCompile>
  </ItemGroup>
  <ItemGroup>
    <ClInclude Include="osu!\Filestructure\LZMA.h">
      <Filter>Header Files\osu!\File structure\LZMA</Filter>
    </ClInclude>
    <ClInclude Include="osu!\Filestructure\LZMA\easylzma\common_internal.h">
      <Filter>Header Files\osu!\File structure\LZMA</Filter>
    </ClInclude>
    <ClInclude Include="osu!\Filestructure\LZMA\easylzma\compress.h">
      <Filter>Header Files\osu!\File structure\LZMA</Filter>
    </ClInclude>
    <ClInclude Include="osu!\Filestructure\LZMA\easylzma\decompress.h">
      <Filter>Header Files\osu!\File structure\LZMA</Filter>
    </ClInclude>
    <ClInclude Include="osu!\Filestructure\LZMA\easylzma\lzip_header.h">
      <Filter>Header Files\osu!\File structure\LZMA</Filter>
    </ClInclude>
    <ClInclude Include="osu!\Filestructure\LZMA\easylzma\lzma_header.h">
      <Filter>Header Files\osu!\File structure\LZMA</Filter>
    </ClInclude>
    <ClInclude Include="osu!\Filestructure\LZMA\easylzma\common.h">
      <Filter>Source Files\osu!\File Structure\LZMA</Filter>
    </ClInclude>
    <ClInclude Include="osu!\Filestructure\LZMA\easylzma\pavlov\7zBuf.h">
      <Filter>Header Files\osu!\File structure\LZMA\7-Zip</Filter>
    </ClInclude>
    <ClInclude Include="osu!\Filestructure\LZMA\easylzma\pavlov\7zCrc.h">
      <Filter>Header Files\osu!\File structure\LZMA\7-Zip</Filter>
    </ClInclude>
    <ClInclude Include="osu!\Filestructure\LZMA\easylzma\pavlov\7zFile.h">
      <Filter>Header Files\osu!\File structure\LZMA\7-Zip</Filter>
    </ClInclude>
    <ClInclude Include="osu!\Filestructure\LZMA\easylzma\pavlov\7zVersion.h">
      <Filter>Header Files\osu!\File structure\LZMA\7-Zip</Filter>
    </ClInclude>
    <ClInclude Include="osu!\Filestructure\LZMA\easylzma\pavlov\Alloc.h">
      <Filter>Header Files\osu!\File structure\LZMA\7-Zip</Filter>
    </ClInclude>
    <ClInclude Include="osu!\Filestructure\LZMA\easylzma\pavlov\Bcj2.h">
      <Filter>Header Files\osu!\File structure\LZMA\7-Zip</Filter>
    </ClInclude>
    <ClInclude Include="osu!\Filestructure\LZMA\easylzma\pavlov\Bra.h">
      <Filter>Header Files\osu!\File structure\LZMA\7-Zip</Filter>
    </ClInclude>
    <ClInclude Include="osu!\Filestructure\LZMA\easylzma\pavlov\CpuArch.h">
      <Filter>Header Files\osu!\File structure\LZMA\7-Zip</Filter>
    </ClInclude>
    <ClInclude Include="osu!\Filestructure\LZMA\easylzma\pavlov\LzFind.h">
      <Filter>Header Files\osu!\File structure\LZMA\7-Zip</Filter>
    </ClInclude>
    <ClInclude Include="osu!\Filestructure\LZMA\easylzma\pavlov\LzHash.h">
      <Filter>Header Files\osu!\File structure\LZMA\7-Zip</Filter>
    </ClInclude>
    <ClInclude Include="osu!\Filestructure\LZMA\easylzma\pavlov\LzmaDec.h">
      <Filter>Header Files\osu!\File structure\LZMA\7-Zip</Filter>
    </ClInclude>
    <ClInclude Include="osu!\Filestructure\LZMA\easylzma\pavlov\LzmaEnc.h">
      <Filter>Header Files\osu!\File structure\LZMA\7-Zip</Filter>
    </ClInclude>
    <ClInclude Include="osu!\Filestructure\LZMA\easylzma\pavlov\LzmaLib.h">
      <Filter>Header Files\osu!\File structure\LZMA\7-Zip</Filter>
    </ClInclude>
    <ClInclude Include="osu!\Filestructure\LZMA\easylzma\pavlov\Types.h">
      <Filter>Header Files\osu!\File structure\LZMA\7-Zip</Filter>
    </ClInclude>
    <ClInclude Include="osu!\Filestructure\Beatmap.h">
      <Filter>Header Files\osu!\File structure</Filter>
    </ClInclude>
    <ClInclude Include="osu!\Filestructure\Bezier.h">
      <Filter>Header Files\osu!\File structure</Filter>
    </ClInclude>
    <ClInclude Include="osu!\Filestructure\dirent.h">
      <Filter>Header Files\osu!\File structure</Filter>
    </ClInclude>
    <ClInclude Include="osu!\Filestructure\filereader.h">
      <Filter>Header Files\osu!\File structure</Filter>
    </ClInclude>
    <ClInclude Include="osu!\Filestructure\Play.h">
      <Filter>Header Files\osu!\File structure</Filter>
    </ClInclude>
    <ClInclude Include="osu!\Filestructure\Replay.h">
      <Filter>Header Files\osu!\File structure</Filter>
    </ClInclude>
    <ClInclude Include="osu!\Drawable\GamemodeRenderer.h">
      <Filter>Header Files\osu!\Drawable</Filter>
    </ClInclude>
    <ClInclude Include="osu!\Drawable\Hitcircle.h">
      <Filter>Header Files\osu!\Drawable</Filter>
    </ClInclude>
    <ClInclude Include="osu!\Drawable\HitNote.h">
      <Filter>Header Files\osu!\Drawable</Filter>
    </ClInclude>
    <ClInclude Include="osu!\Drawable\OsuManiaRenderer.h">
      <Filter>Header Files\osu!\Drawable</Filter>
    </ClInclude>
    <ClInclude Include="osu!\Drawable\OsuStdRenderer.h">
      <Filter>Header Files\osu!\Drawable</Filter>
    </ClInclude>
    <ClInclude Include="osu!\Drawable\TimingGraph.h">
      <Filter>Header Files\osu!\Drawable</Filter>
    </ClInclude>
    <ClInclude Include="osu!\Drawable\TimingObject.h">
      <Filter>Header Files\osu!\Drawable</Filter>
    </ClInclude>
    <ClInclude Include="ui\pane.h">
      <Filter>Header Files\ui</Filter>
    </ClInclude>
    <ClInclude Include="ui\Scrollbar.h">
      <Filter>Header Files\ui</Filter>
    </ClInclude>
    <ClInclude Include="ui\Slider.h">
      <Filter>Header Files\ui</Filter>
    </ClInclude>
    <ClInclude Include="ui\Window.h">
      <Filter>Header Files\ui</Filter>
    </ClInclude>
    <ClInclude Include="ui\Button.h">
      <Filter>Header Files\ui</Filter>
    </ClInclude>
    <ClInclude Include="ui\Dialog.h">
      <Filter>Header Files\ui</Filter>
    </ClInclude>
    <ClInclude Include="ui\drawUtils.h">
      <Filter>Header Files\ui</Filter>
    </ClInclude>
    <ClInclude Include="ui\Event.h">
      <Filter>Header Files\ui</Filter>
    </ClInclude>
    <ClInclude Include="ui\GuiObj.h">
      <Filter>Header Files\ui</Filter>
    </ClInclude>
    <ClInclude Include="osu!\osuCalc.h">
      <Filter>Header Files\osu!</Filter>
    </ClInclude>
    <ClInclude Include="osu!\osuEnums.h">
      <Filter>Header Files\osu!</Filter>
    </ClInclude>
    <ClInclude Include="utils\Geometry.h">
      <Filter>Header Files\math</Filter>
    </ClInclude>
    <ClInclude Include="utils\Lambert.h">
      <Filter>Header Files\math</Filter>
    </ClInclude>
    <ClInclude Include="utils\LambertW.h">
      <Filter>Header Files\math</Filter>
    </ClInclude>
    <ClInclude Include="utils\mathUtils.h">
      <Filter>Header Files\math</Filter>
    </ClInclude>
    <ClInclude Include="osu!\Filestructure\Hitobject.h">
      <Filter>Header Files\osu!\File structure</Filter>
    </ClInclude>
    <ClInclude Include="osu!\Filestructure\TimingPoint.h">
      <Filter>Header Files\osu!\File structure</Filter>
    </ClInclude>
    <ClInclude Include="osu!\Drawable\HitTimingGraph.h">
      <Filter>Header Files\osu!\Drawable</Filter>
    </ClInclude>
    <ClInclude Include="osu!\Skills\SkillEngine.h">
      <Filter>Header Files\osu!\Skills</Filter>
    </ClInclude>
    <ClInclude Include="osu!\osu_mania.h">
      <Filter>Header Files\osu!</Filter>
    </ClInclude>
    <ClInclude Include="osu!\Skills\osuMania_skills.h">
      <Filter>Header Files\osu!\Skills</Filter>
    </ClInclude>
    <ClInclude Include="osu!\Skills\osuCatch_skills.h">
      <Filter>Header Files\osu!\Skills</Filter>
    </ClInclude>
    <ClInclude Include="osu!\Skills\osuDodge_skills.h">
      <Filter>Header Files\osu!\Skills</Filter>
    </ClInclude>
    <ClInclude Include="osu!\Skills\osuStandard_skills.h">
      <Filter>Header Files\osu!\Skills</Filter>
    </ClInclude>
    <ClInclude Include="osu!\Skills\osuTaiko_skills.h">
      <Filter>Header Files\osu!\Skills</Filter>
    </ClInclude>
    <ClInclude Include="osu!\osu_standard.h">
      <Filter>Header Files\osu!</Filter>
    </ClInclude>
    <ClInclude Include="osu!\osu_taiko.h">
      <Filter>Header Files\osu!</Filter>
    </ClInclude>
    <ClInclude Include="osu!\osu_catch.h">
      <Filter>Header Files\osu!</Filter>
    </ClInclude>
    <ClInclude Include="osu!\osu_dodge.h">
      <Filter>Header Files\osu!</Filter>
    </ClInclude>
    <ClInclude Include="osu!\Skills\osu-taiko\reading.h">
      <Filter>Header Files\osu!\Skills\osu!taiko</Filter>
    </ClInclude>
    <ClInclude Include="osu!\Skills\osu-taiko\speedControl.h">
      <Filter>Header Files\osu!\Skills\osu!taiko</Filter>
    </ClInclude>
    <ClInclude Include="osu!\Skills\osu-taiko\tappingControl.h">
      <Filter>Header Files\osu!\Skills\osu!taiko</Filter>
    </ClInclude>
    <ClInclude Include="osu!\Skills\osu-mania\accuracy.h">
      <Filter>Header Files\osu!\Skills\osu!mania</Filter>
    </ClInclude>
    <ClInclude Include="osu!\Skills\osu-mania\fingerBalance.h">
      <Filter>Header Files\osu!\Skills\osu!mania</Filter>
    </ClInclude>
    <ClInclude Include="osu!\Skills\osu-mania\handBalance.h">
      <Filter>Header Files\osu!\Skills\osu!mania</Filter>
    </ClInclude>
    <ClInclude Include="osu!\Skills\osu-mania\reading.h">
      <Filter>Header Files\osu!\Skills\osu!mania</Filter>
    </ClInclude>
    <ClInclude Include="osu!\Skills\osu-mania\rhythm.h">
      <Filter>Header Files\osu!\Skills\osu!mania</Filter>
    </ClInclude>
    <ClInclude Include="osu!\Skills\osu-mania\speedControl.h">
      <Filter>Header Files\osu!\Skills\osu!mania</Filter>
    </ClInclude>
    <ClInclude Include="osu!\Skills\osu-mania\tappingControl.h">
      <Filter>Header Files\osu!\Skills\osu!mania</Filter>
    </ClInclude>
    <ClInclude Include="osu!\Skills\osu-std\tappingControl.h">
      <Filter>Header Files\osu!\Skills\osu!std</Filter>
    </ClInclude>
    <ClInclude Include="osu!\Skills\osu-std\speedControl.h">
      <Filter>Header Files\osu!\Skills\osu!std</Filter>
    </ClInclude>
    <ClInclude Include="osu!\Skills\osu-std\reading.h">
      <Filter>Header Files\osu!\Skills\osu!std</Filter>
    </ClInclude>
    <ClInclude Include="osu!\Skills\osu-std\precisionControl.h">
      <Filter>Header Files\osu!\Skills\osu!std</Filter>
    </ClInclude>
    <ClInclude Include="osu!\Skills\osu-std\movementControl.h">
      <Filter>Header Files\osu!\Skills\osu!std</Filter>
    </ClInclude>
    <ClInclude Include="osu!\Skills\osu-std\aimControl.h">
      <Filter>Header Files\osu!\Skills\osu!std</Filter>
    </ClInclude>
    <ClInclude Include="osu!\Skills\osu-catch\precision.h">
      <Filter>Header Files\osu!\Skills\osu!catch</Filter>
    </ClInclude>
    <ClInclude Include="osu!\Skills\osu-catch\reading.h">
      <Filter>Header Files\osu!\Skills\osu!catch</Filter>
    </ClInclude>
    <ClInclude Include="osu!\Skills\osu-catch\speedControl.h">
      <Filter>Header Files\osu!\Skills\osu!catch</Filter>
    </ClInclude>
    <ClInclude Include="osu!\Skills\osu-catch\tappingControl.h">
      <Filter>Header Files\osu!\Skills\osu!catch</Filter>
    </ClInclude>
    <ClInclude Include="osu!\Score\osu-catch\score.h">
      <Filter>Header Files\osu!\Score\osu!catch</Filter>
    </ClInclude>
    <ClInclude Include="osu!\Score\osu-dodge\score.h">
      <Filter>Header Files\osu!\Score\osu!dodge</Filter>
    </ClInclude>
    <ClInclude Include="osu!\Score\osu-mania\score.h">
      <Filter>Header Files\osu!\Score\osu!mania</Filter>
    </ClInclude>
    <ClInclude Include="osu!\Score\osu-std\score.h">
      <Filter>Header Files\osu!\Score\osu!standard</Filter>
    </ClInclude>
    <ClInclude Include="osu!\Score\osu-taiko\score.h">
      <Filter>Header Files\osu!\Score\osu!taiko</Filter>
    </ClInclude>
    <ClInclude Include="osu!\Score\ScoreEngine.h">
      <Filter>Header Files\osu!\Score</Filter>
    </ClInclude>
    <ClInclude Include="osu!\Drawable\HitTimingMarker.h">
      <Filter>Header Files\osu!\Drawable</Filter>
    </ClInclude>
    <ClInclude Include="osu!\Filestructure\Mods.h">
      <Filter>Header Files\osu!\File structure</Filter>
    </ClInclude>
    <ClInclude Include="osu!\Filestructure\SliderHitobject.h">
      <Filter>Header Files\osu!\File structure</Filter>
    </ClInclude>
    <ClInclude Include="osu!\osuStructs.h">
      <Filter>Header Files\osu!</Filter>
    </ClInclude>
  </ItemGroup>
</Project>