<?xml version="1.0" encoding="utf-8"?>
<Project ToolsVersion="4.0" xmlns="http://schemas.microsoft.com/developer/msbuild/2003">
  <ItemGroup>
    <Filter Include="Source Files">
      <UniqueIdentifier>{4FC737F1-C7A5-4376-A066-2A32D752A2FF}</UniqueIdentifier>
      <Extensions>cpp;c;cc;cxx;def;odl;idl;hpj;bat;asm;asmx</Extensions>
    </Filter>
    <Filter Include="Header Files">
      <UniqueIdentifier>{93995380-89BD-4b04-88EB-625FBE52EBFB}</UniqueIdentifier>
      <Extensions>h;hh;hpp;hxx;hm;inl;inc;xsd</Extensions>
    </Filter>
    <Filter Include="Resource Files">
      <UniqueIdentifier>{67DA6AB6-F800-4c08-8B7A-83BB121AAD01}</UniqueIdentifier>
      <Extensions>rc;ico;cur;bmp;dlg;rc2;rct;bin;rgs;gif;jpg;jpeg;jpe;resx;tiff;tif;png;wav;mfcribbon-ms</Extensions>
    </Filter>
    <Filter Include="Header Files\osu!">
      <UniqueIdentifier>{0e8bfce2-d818-4cc5-8120-c389905d5d02}</UniqueIdentifier>
    </Filter>
    <Filter Include="Source Files\osu!">
      <UniqueIdentifier>{440f2137-0c85-46de-ac56-7c7d7f0fd364}</UniqueIdentifier>
    </Filter>
    <Filter Include="Source Files\ui">
      <UniqueIdentifier>{229b9872-ada9-4cac-b8fe-aad9fcea271f}</UniqueIdentifier>
    </Filter>
    <Filter Include="Header Files\math">
      <UniqueIdentifier>{24f9e66e-1793-4c8e-9211-ff276f78ff7a}</UniqueIdentifier>
    </Filter>
    <Filter Include="Source Files\math">
      <UniqueIdentifier>{b3d1ce74-c772-48c5-a96d-d483bba0184c}</UniqueIdentifier>
    </Filter>
    <Filter Include="Header Files\osu!\File structure">
      <UniqueIdentifier>{ef39ef96-90db-4ed5-a692-b7515e315d0f}</UniqueIdentifier>
    </Filter>
    <Filter Include="Source Files\osu!\File Structure">
      <UniqueIdentifier>{65954da7-0207-450f-ac71-e1ae5d288734}</UniqueIdentifier>
    </Filter>
    <Filter Include="Source Files\osu!\Drawable">
      <UniqueIdentifier>{841338f5-687f-4ba1-9eed-219e46ab09ce}</UniqueIdentifier>
    </Filter>
    <Filter Include="Header Files\osu!\Drawable">
      <UniqueIdentifier>{dfe91b6f-1cbd-41c7-a3cc-3360d26ec8f9}</UniqueIdentifier>
    </Filter>
    <Filter Include="Header Files\osu!\File structure\LZMA">
      <UniqueIdentifier>{d0258a94-3a4f-4e31-8d94-60849d956fe4}</UniqueIdentifier>
    </Filter>
    <Filter Include="Header Files\osu!\File structure\LZMA\7-Zip">
      <UniqueIdentifier>{78e9109d-7c57-44fb-84c6-37986348ca82}</UniqueIdentifier>
    </Filter>
    <Filter Include="Source Files\osu!\File Structure\LZMA">
      <UniqueIdentifier>{4991d2e0-cf30-4574-82df-fca68ee1233d}</UniqueIdentifier>
    </Filter>
    <Filter Include="Source Files\osu!\File Structure\LZMA\7-ZIP">
      <UniqueIdentifier>{f0f6cb39-e493-4cfe-8408-2b3dbe2c4f47}</UniqueIdentifier>
    </Filter>
    <Filter Include="Header Files\ui">
      <UniqueIdentifier>{13d556fa-178f-42cb-9901-d7eb666e182c}</UniqueIdentifier>
    </Filter>
    <Filter Include="Header Files\osu!\Analysis">
      <UniqueIdentifier>{a0428678-dfc0-4b32-9b01-8e9d8eec61db}</UniqueIdentifier>
    </Filter>
    <Filter Include="Source Files\osu!\Analysis">
      <UniqueIdentifier>{3d06dcbd-dd86-4778-9ae5-1e5605332bc1}</UniqueIdentifier>
    </Filter>
    <Filter Include="Source Files\osu!\Analysis\Beatmap">
      <UniqueIdentifier>{46e58985-60c4-4bed-b338-83c8edda8ef0}</UniqueIdentifier>
    </Filter>
    <Filter Include="Source Files\osu!\Analysis\Replay">
      <UniqueIdentifier>{62a4012f-8647-43f6-8327-a69ca4b91fb2}</UniqueIdentifier>
    </Filter>
    <Filter Include="Source Files\osu!\Analysis\Score">
      <UniqueIdentifier>{5fa730e6-b321-4fb5-a079-5b8d7791c8b0}</UniqueIdentifier>
    </Filter>
    <Filter Include="Header Files\osu!\Analysis\Beatmap">
      <UniqueIdentifier>{7cdafeda-f51d-4703-9e91-6ec975f2c8df}</UniqueIdentifier>
    </Filter>
    <Filter Include="Header Files\osu!\Analysis\Replay">
      <UniqueIdentifier>{40435d6c-fb8d-4742-9f86-f8b8c3dcf951}</UniqueIdentifier>
    </Filter>
    <Filter Include="Header Files\osu!\Analysis\Score">
      <UniqueIdentifier>{41367f48-a281-463e-b5d8-e472f6d3b599}</UniqueIdentifier>
    </Filter>
    <Filter Include="Source Files\osu!\Analysis\Beatmap\Difficulty">
      <UniqueIdentifier>{2fb9c993-5601-4eb6-9e5b-366508e848ff}</UniqueIdentifier>
    </Filter>
    <Filter Include="Header Files\osu!\Analysis\Beatmap\Difficulty">
      <UniqueIdentifier>{afa4c15d-0e58-45fd-b070-bd3b9bf057dc}</UniqueIdentifier>
    </Filter>
    <Filter Include="Header Files\math\MD5">
      <UniqueIdentifier>{7363fca5-7972-4e7d-8a02-4322d70dbc58}</UniqueIdentifier>
    </Filter>
    <Filter Include="Source Files\math\MD5">
      <UniqueIdentifier>{e52ef29c-c444-47d1-af09-c4a5b82f5b63}</UniqueIdentifier>
    </Filter>
  </ItemGroup>
  <ItemGroup>
    <ClCompile Include="main.cpp">
      <Filter>Source Files</Filter>
    </ClCompile>
    <ClCompile Include="osu!\Filestructure\LZMA.cpp">
      <Filter>Source Files\osu!\File Structure\LZMA</Filter>
    </ClCompile>
    <ClCompile Include="osu!\Filestructure\LZMA\easylzma\common_internal.c">
      <Filter>Source Files\osu!\File Structure\LZMA</Filter>
    </ClCompile>
    <ClCompile Include="osu!\Filestructure\LZMA\easylzma\compress.c">
      <Filter>Source Files\osu!\File Structure\LZMA</Filter>
    </ClCompile>
    <ClCompile Include="osu!\Filestructure\LZMA\easylzma\decompress.c">
      <Filter>Source Files\osu!\File Structure\LZMA</Filter>
    </ClCompile>
    <ClCompile Include="osu!\Filestructure\LZMA\easylzma\lzip_header.c">
      <Filter>Source Files\osu!\File Structure\LZMA</Filter>
    </ClCompile>
    <ClCompile Include="osu!\Filestructure\LZMA\easylzma\lzma_header.c">
      <Filter>Source Files\osu!\File Structure\LZMA</Filter>
    </ClCompile>
    <ClCompile Include="osu!\Filestructure\LZMA\easylzma\pavlov\7zBuf.c">
      <Filter>Source Files\osu!\File Structure\LZMA\7-ZIP</Filter>
    </ClCompile>
    <ClCompile Include="osu!\Filestructure\LZMA\easylzma\pavlov\7zBuf2.c">
      <Filter>Source Files\osu!\File Structure\LZMA\7-ZIP</Filter>
    </ClCompile>
    <ClCompile Include="osu!\Filestructure\LZMA\easylzma\pavlov\7zCrc.c">
      <Filter>Source Files\osu!\File Structure\LZMA\7-ZIP</Filter>
    </ClCompile>
    <ClCompile Include="osu!\Filestructure\LZMA\easylzma\pavlov\7zFile.c">
      <Filter>Source Files\osu!\File Structure\LZMA\7-ZIP</Filter>
    </ClCompile>
    <ClCompile Include="osu!\Filestructure\LZMA\easylzma\pavlov\7zStream.c">
      <Filter>Source Files\osu!\File Structure\LZMA\7-ZIP</Filter>
    </ClCompile>
    <ClCompile Include="osu!\Filestructure\LZMA\easylzma\pavlov\Alloc.c">
      <Filter>Source Files\osu!\File Structure\LZMA\7-ZIP</Filter>
    </ClCompile>
    <ClCompile Include="osu!\Filestructure\LZMA\easylzma\pavlov\Bcj2.c">
      <Filter>Source Files\osu!\File Structure\LZMA\7-ZIP</Filter>
    </ClCompile>
    <ClCompile Include="osu!\Filestructure\LZMA\easylzma\pavlov\Bra.c">
      <Filter>Source Files\osu!\File Structure\LZMA\7-ZIP</Filter>
    </ClCompile>
    <ClCompile Include="osu!\Filestructure\LZMA\easylzma\pavlov\Bra86.c">
      <Filter>Source Files\osu!\File Structure\LZMA\7-ZIP</Filter>
    </ClCompile>
    <ClCompile Include="osu!\Filestructure\LZMA\easylzma\pavlov\BraIA64.c">
      <Filter>Source Files\osu!\File Structure\LZMA\7-ZIP</Filter>
    </ClCompile>
    <ClCompile Include="osu!\Filestructure\LZMA\easylzma\pavlov\LzFind.c">
      <Filter>Source Files\osu!\File Structure\LZMA\7-ZIP</Filter>
    </ClCompile>
    <ClCompile Include="osu!\Filestructure\LZMA\easylzma\pavlov\LzmaDec.c">
      <Filter>Source Files\osu!\File Structure\LZMA\7-ZIP</Filter>
    </ClCompile>
    <ClCompile Include="osu!\Filestructure\LZMA\easylzma\pavlov\LzmaEnc.c">
      <Filter>Source Files\osu!\File Structure\LZMA\7-ZIP</Filter>
    </ClCompile>
    <ClCompile Include="osu!\Filestructure\LZMA\easylzma\pavlov\LzmaLib.c">
      <Filter>Source Files\osu!\File Structure\LZMA\7-ZIP</Filter>
    </ClCompile>
    <ClCompile Include="osu!\Filestructure\Beatmap.cpp">
      <Filter>Source Files\osu!\File Structure</Filter>
    </ClCompile>
    <ClCompile Include="osu!\Filestructure\Bezier.cpp">
      <Filter>Source Files\osu!\File Structure</Filter>
    </ClCompile>
    <ClCompile Include="osu!\Filestructure\CircumscribedCircle.cpp">
      <Filter>Source Files\osu!\File Structure</Filter>
    </ClCompile>
    <ClCompile Include="osu!\Filestructure\Play.cpp">
      <Filter>Source Files\osu!\File Structure</Filter>
    </ClCompile>
    <ClCompile Include="osu!\Filestructure\Replay.cpp">
      <Filter>Source Files\osu!\File Structure</Filter>
    </ClCompile>
    <ClCompile Include="osu!\Drawable\Hitcircle.cpp">
      <Filter>Source Files\osu!\Drawable</Filter>
    </ClCompile>
    <ClCompile Include="osu!\Drawable\HitNote.cpp">
      <Filter>Source Files\osu!\Drawable</Filter>
    </ClCompile>
    <ClCompile Include="osu!\Drawable\OsuManiaRenderercpp.cpp">
      <Filter>Source Files\osu!\Drawable</Filter>
    </ClCompile>
    <ClCompile Include="osu!\Drawable\OsuStdRenderer.cpp">
      <Filter>Source Files\osu!\Drawable</Filter>
    </ClCompile>
    <ClCompile Include="osu!\Drawable\TimingGraph.cpp">
      <Filter>Source Files\osu!\Drawable</Filter>
    </ClCompile>
    <ClCompile Include="osu!\Drawable\TimingObject.cpp">
      <Filter>Source Files\osu!\Drawable</Filter>
    </ClCompile>
    <ClCompile Include="ui\Button.cpp">
      <Filter>Source Files\ui</Filter>
    </ClCompile>
    <ClCompile Include="ui\Dialog.cpp">
      <Filter>Source Files\ui</Filter>
    </ClCompile>
    <ClCompile Include="ui\drawUtils.cpp">
      <Filter>Source Files\ui</Filter>
    </ClCompile>
    <ClCompile Include="ui\Event.cpp">
      <Filter>Source Files\ui</Filter>
    </ClCompile>
    <ClCompile Include="ui\GuiObj.cpp">
      <Filter>Source Files\ui</Filter>
    </ClCompile>
    <ClCompile Include="ui\pane.cpp">
      <Filter>Source Files\ui</Filter>
    </ClCompile>
    <ClCompile Include="ui\Scrollbar.cpp">
      <Filter>Source Files\ui</Filter>
    </ClCompile>
    <ClCompile Include="ui\Slider.cpp">
      <Filter>Source Files\ui</Filter>
    </ClCompile>
    <ClCompile Include="ui\Window.cpp">
      <Filter>Source Files\ui</Filter>
    </ClCompile>
    <ClCompile Include="osu!\osuCalc.cpp">
      <Filter>Source Files\osu!</Filter>
    </ClCompile>
    <ClCompile Include="utils\Geometry.cpp">
      <Filter>Source Files\math</Filter>
    </ClCompile>
    <ClCompile Include="utils\Lambert.cpp">
      <Filter>Source Files\math</Filter>
    </ClCompile>
    <ClCompile Include="osu!\Filestructure\Hitobject.cpp">
      <Filter>Source Files\osu!\File Structure</Filter>
    </ClCompile>
    <ClCompile Include="osu!\Filestructure\TimingPoint.cpp">
      <Filter>Source Files\osu!\File Structure</Filter>
    </ClCompile>
    <ClCompile Include="osu!\Drawable\GamemodeRenderer.cpp">
      <Filter>Source Files\osu!\Drawable</Filter>
    </ClCompile>
    <ClCompile Include="osu!\Drawable\HitTimingGraph.cpp">
      <Filter>Source Files\osu!\Drawable</Filter>
    </ClCompile>
    <ClCompile Include="osu!\Drawable\HitTimingMarker.cpp">
      <Filter>Source Files\osu!\Drawable</Filter>
    </ClCompile>
    <ClCompile Include="osu!\Filestructure\Mods.cpp">
      <Filter>Source Files\osu!\File Structure</Filter>
    </ClCompile>
    <ClCompile Include="osu!\osu_standard.cpp">
      <Filter>Source Files\osu!</Filter>
    </ClCompile>
    <ClCompile Include="osu!\Filestructure\SliderHitObject.cpp">
      <Filter>Source Files\osu!\File Structure</Filter>
    </ClCompile>
    <ClCompile Include="ui\ColorTable.cpp">
      <Filter>Source Files\ui</Filter>
    </ClCompile>
    <ClCompile Include="ui\Graph.cpp">
      <Filter>Source Files\ui</Filter>
    </ClCompile>
    <ClCompile Include="osu!\Drawable\StatGraph.cpp">
      <Filter>Source Files\osu!\Drawable</Filter>
    </ClCompile>
    <ClCompile Include="osu!\osuStructs.cpp">
      <Filter>Source Files\osu!</Filter>
    </ClCompile>
    <ClCompile Include="osu!\Analysis\Analysis.cpp">
      <Filter>Source Files\osu!\Analysis</Filter>
    </ClCompile>
    <ClCompile Include="osu!\Analysis\Analyzer.cpp">
      <Filter>Source Files\osu!\Analysis</Filter>
    </ClCompile>
    <ClCompile Include="osu!\Analysis\Beatmap\Velocity.cpp">
      <Filter>Source Files\osu!\Analysis\Beatmap</Filter>
    </ClCompile>
    <ClCompile Include="osu!\Analysis\AnalysisStruct.cpp">
      <Filter>Source Files\osu!\Analysis</Filter>
    </ClCompile>
    <ClCompile Include="osu!\Analysis\Beatmap\NoteRate.cpp">
      <Filter>Source Files\osu!\Analysis\Beatmap</Filter>
    </ClCompile>
    <ClCompile Include="osu!\Analysis\Beatmap\Overlaps.cpp">
      <Filter>Source Files\osu!\Analysis\Beatmap</Filter>
    </ClCompile>
    <ClCompile Include="osu!\Analysis\Beatmap\Difficulty\Reading.cpp">
      <Filter>Source Files\osu!\Analysis\Beatmap\Difficulty</Filter>
    </ClCompile>
    <ClCompile Include="osu!\Analysis\Beatmap\NoteRatePerKey.cpp">
      <Filter>Source Files\osu!\Analysis\Beatmap</Filter>
    </ClCompile>
    <ClCompile Include="osu!\Analysis\Beatmap\NoteRatePerKeyPrecise.cpp">
      <Filter>Source Files\osu!\Analysis\Beatmap</Filter>
    </ClCompile>
    <ClCompile Include="osu!\Analysis\Replay\aim-deviation.cpp">
      <Filter>Source Files\osu!\Analysis\Replay</Filter>
    </ClCompile>
    <ClCompile Include="osu!\Analysis\Replay\tap-deviation.cpp">
      <Filter>Source Files\osu!\Analysis\Replay</Filter>
    </ClCompile>
    <ClCompile Include="osu!\Analysis\Beatmap\DistSize.cpp">
      <Filter>Source Files\osu!\Analysis\Beatmap</Filter>
    </ClCompile>
    <ClCompile Include="osu!\Analysis\Beatmap\TapEventIntervals.cpp">
      <Filter>Source Files\osu!\Analysis\Beatmap</Filter>
    </ClCompile>
    <ClCompile Include="osu!\Analysis\Score\AimScore.cpp">
      <Filter>Source Files\osu!\Analysis\Score</Filter>
    </ClCompile>
    <ClCompile Include="osu!\Analysis\Score\TapScore.cpp">
      <Filter>Source Files\osu!\Analysis\Score</Filter>
    </ClCompile>
    <ClCompile Include="osu!\Analysis\Beatmap\IntensityForHand.cpp">
      <Filter>Source Files\osu!\Analysis\Beatmap</Filter>
    </ClCompile>
    <ClCompile Include="osu!\osu_mania.cpp">
      <Filter>Source Files\osu!</Filter>
    </ClCompile>
    <ClCompile Include="utils\MD5\hl_md5.cpp">
      <Filter>Source Files\math\MD5</Filter>
    </ClCompile>
    <ClCompile Include="utils\MD5\hl_md5wrapper.cpp">
      <Filter>Source Files\math\MD5</Filter>
    </ClCompile>
    <ClCompile Include="osu!\Analysis\Replay\PressReleaseIntervals.cpp">
      <Filter>Source Files\osu!\Analysis\Replay</Filter>
    </ClCompile>
    <ClCompile Include="osu!\Analysis\Replay\ApparentDifficulty.cpp">
      <Filter>Source Files\osu!\Analysis\Replay</Filter>
    </ClCompile>
  </ItemGroup>
  <ItemGroup>
    <ClInclude Include="osu!\Filestructure\LZMA.h">
      <Filter>Header Files\osu!\File structure\LZMA</Filter>
    </ClInclude>
    <ClInclude Include="osu!\Filestructure\LZMA\easylzma\common_internal.h">
      <Filter>Header Files\osu!\File structure\LZMA</Filter>
    </ClInclude>
    <ClInclude Include="osu!\Filestructure\LZMA\easylzma\compress.h">
      <Filter>Header Files\osu!\File structure\LZMA</Filter>
    </ClInclude>
    <ClInclude Include="osu!\Filestructure\LZMA\easylzma\decompress.h">
      <Filter>Header Files\osu!\File structure\LZMA</Filter>
    </ClInclude>
    <ClInclude Include="osu!\Filestructure\LZMA\easylzma\lzip_header.h">
      <Filter>Header Files\osu!\File structure\LZMA</Filter>
    </ClInclude>
    <ClInclude Include="osu!\Filestructure\LZMA\easylzma\lzma_header.h">
      <Filter>Header Files\osu!\File structure\LZMA</Filter>
    </ClInclude>
    <ClInclude Include="osu!\Filestructure\LZMA\easylzma\common.h">
      <Filter>Source Files\osu!\File Structure\LZMA</Filter>
    </ClInclude>
    <ClInclude Include="osu!\Filestructure\LZMA\easylzma\pavlov\7zBuf.h">
      <Filter>Header Files\osu!\File structure\LZMA\7-Zip</Filter>
    </ClInclude>
    <ClInclude Include="osu!\Filestructure\LZMA\easylzma\pavlov\7zCrc.h">
      <Filter>Header Files\osu!\File structure\LZMA\7-Zip</Filter>
    </ClInclude>
    <ClInclude Include="osu!\Filestructure\LZMA\easylzma\pavlov\7zFile.h">
      <Filter>Header Files\osu!\File structure\LZMA\7-Zip</Filter>
    </ClInclude>
    <ClInclude Include="osu!\Filestructure\LZMA\easylzma\pavlov\7zVersion.h">
      <Filter>Header Files\osu!\File structure\LZMA\7-Zip</Filter>
    </ClInclude>
    <ClInclude Include="osu!\Filestructure\LZMA\easylzma\pavlov\Alloc.h">
      <Filter>Header Files\osu!\File structure\LZMA\7-Zip</Filter>
    </ClInclude>
    <ClInclude Include="osu!\Filestructure\LZMA\easylzma\pavlov\Bcj2.h">
      <Filter>Header Files\osu!\File structure\LZMA\7-Zip</Filter>
    </ClInclude>
    <ClInclude Include="osu!\Filestructure\LZMA\easylzma\pavlov\Bra.h">
      <Filter>Header Files\osu!\File structure\LZMA\7-Zip</Filter>
    </ClInclude>
    <ClInclude Include="osu!\Filestructure\LZMA\easylzma\pavlov\CpuArch.h">
      <Filter>Header Files\osu!\File structure\LZMA\7-Zip</Filter>
    </ClInclude>
    <ClInclude Include="osu!\Filestructure\LZMA\easylzma\pavlov\LzFind.h">
      <Filter>Header Files\osu!\File structure\LZMA\7-Zip</Filter>
    </ClInclude>
    <ClInclude Include="osu!\Filestructure\LZMA\easylzma\pavlov\LzHash.h">
      <Filter>Header Files\osu!\File structure\LZMA\7-Zip</Filter>
    </ClInclude>
    <ClInclude Include="osu!\Filestructure\LZMA\easylzma\pavlov\LzmaDec.h">
      <Filter>Header Files\osu!\File structure\LZMA\7-Zip</Filter>
    </ClInclude>
    <ClInclude Include="osu!\Filestructure\LZMA\easylzma\pavlov\LzmaEnc.h">
      <Filter>Header Files\osu!\File structure\LZMA\7-Zip</Filter>
    </ClInclude>
    <ClInclude Include="osu!\Filestructure\LZMA\easylzma\pavlov\LzmaLib.h">
      <Filter>Header Files\osu!\File structure\LZMA\7-Zip</Filter>
    </ClInclude>
    <ClInclude Include="osu!\Filestructure\LZMA\easylzma\pavlov\Types.h">
      <Filter>Header Files\osu!\File structure\LZMA\7-Zip</Filter>
    </ClInclude>
    <ClInclude Include="osu!\Filestructure\Beatmap.h">
      <Filter>Header Files\osu!\File structure</Filter>
    </ClInclude>
    <ClInclude Include="osu!\Filestructure\Bezier.h">
      <Filter>Header Files\osu!\File structure</Filter>
    </ClInclude>
    <ClInclude Include="osu!\Filestructure\dirent.h">
      <Filter>Header Files\osu!\File structure</Filter>
    </ClInclude>
    <ClInclude Include="osu!\Filestructure\filereader.h">
      <Filter>Header Files\osu!\File structure</Filter>
    </ClInclude>
    <ClInclude Include="osu!\Filestructure\Play.h">
      <Filter>Header Files\osu!\File structure</Filter>
    </ClInclude>
    <ClInclude Include="osu!\Filestructure\Replay.h">
      <Filter>Header Files\osu!\File structure</Filter>
    </ClInclude>
    <ClInclude Include="osu!\Drawable\GamemodeRenderer.h">
      <Filter>Header Files\osu!\Drawable</Filter>
    </ClInclude>
    <ClInclude Include="osu!\Drawable\Hitcircle.h">
      <Filter>Header Files\osu!\Drawable</Filter>
    </ClInclude>
    <ClInclude Include="osu!\Drawable\HitNote.h">
      <Filter>Header Files\osu!\Drawable</Filter>
    </ClInclude>
    <ClInclude Include="osu!\Drawable\OsuManiaRenderer.h">
      <Filter>Header Files\osu!\Drawable</Filter>
    </ClInclude>
    <ClInclude Include="osu!\Drawable\OsuStdRenderer.h">
      <Filter>Header Files\osu!\Drawable</Filter>
    </ClInclude>
    <ClInclude Include="osu!\Drawable\TimingGraph.h">
      <Filter>Header Files\osu!\Drawable</Filter>
    </ClInclude>
    <ClInclude Include="osu!\Drawable\TimingObject.h">
      <Filter>Header Files\osu!\Drawable</Filter>
    </ClInclude>
    <ClInclude Include="ui\pane.h">
      <Filter>Header Files\ui</Filter>
    </ClInclude>
    <ClInclude Include="ui\Scrollbar.h">
      <Filter>Header Files\ui</Filter>
    </ClInclude>
    <ClInclude Include="ui\Slider.h">
      <Filter>Header Files\ui</Filter>
    </ClInclude>
    <ClInclude Include="ui\Window.h">
      <Filter>Header Files\ui</Filter>
    </ClInclude>
    <ClInclude Include="ui\Button.h">
      <Filter>Header Files\ui</Filter>
    </ClInclude>
    <ClInclude Include="ui\Dialog.h">
      <Filter>Header Files\ui</Filter>
    </ClInclude>
    <ClInclude Include="ui\drawUtils.h">
      <Filter>Header Files\ui</Filter>
    </ClInclude>
    <ClInclude Include="ui\Event.h">
      <Filter>Header Files\ui</Filter>
    </ClInclude>
    <ClInclude Include="ui\GuiObj.h">
      <Filter>Header Files\ui</Filter>
    </ClInclude>
    <ClInclude Include="osu!\osuCalc.h">
      <Filter>Header Files\osu!</Filter>
    </ClInclude>
    <ClInclude Include="osu!\osuEnums.h">
      <Filter>Header Files\osu!</Filter>
    </ClInclude>
    <ClInclude Include="utils\Geometry.h">
      <Filter>Header Files\math</Filter>
    </ClInclude>
    <ClInclude Include="utils\Lambert.h">
      <Filter>Header Files\math</Filter>
    </ClInclude>
    <ClInclude Include="utils\LambertW.h">
      <Filter>Header Files\math</Filter>
    </ClInclude>
    <ClInclude Include="utils\mathUtils.h">
      <Filter>Header Files\math</Filter>
    </ClInclude>
    <ClInclude Include="osu!\Filestructure\Hitobject.h">
      <Filter>Header Files\osu!\File structure</Filter>
    </ClInclude>
    <ClInclude Include="osu!\Filestructure\TimingPoint.h">
      <Filter>Header Files\osu!\File structure</Filter>
    </ClInclude>
    <ClInclude Include="osu!\Drawable\HitTimingGraph.h">
      <Filter>Header Files\osu!\Drawable</Filter>
    </ClInclude>
    <ClInclude Include="osu!\osu_mania.h">
      <Filter>Header Files\osu!</Filter>
    </ClInclude>
    <ClInclude Include="osu!\osu_standard.h">
      <Filter>Header Files\osu!</Filter>
    </ClInclude>
    <ClInclude Include="osu!\osu_taiko.h">
      <Filter>Header Files\osu!</Filter>
    </ClInclude>
    <ClInclude Include="osu!\osu_catch.h">
      <Filter>Header Files\osu!</Filter>
    </ClInclude>
    <ClInclude Include="osu!\osu_dodge.h">
      <Filter>Header Files\osu!</Filter>
    </ClInclude>
    <ClInclude Include="osu!\Drawable\HitTimingMarker.h">
      <Filter>Header Files\osu!\Drawable</Filter>
    </ClInclude>
    <ClInclude Include="osu!\Filestructure\Mods.h">
      <Filter>Header Files\osu!\File structure</Filter>
    </ClInclude>
    <ClInclude Include="osu!\Filestructure\SliderHitobject.h">
      <Filter>Header Files\osu!\File structure</Filter>
    </ClInclude>
    <ClInclude Include="ui\ColorTable.h">
      <Filter>Header Files\ui</Filter>
    </ClInclude>
    <ClInclude Include="ui\Graph.h">
      <Filter>Header Files\ui</Filter>
    </ClInclude>
    <ClInclude Include="osu!\Drawable\StatGraph.h">
      <Filter>Header Files\osu!\Drawable</Filter>
    </ClInclude>
    <ClInclude Include="osu!\osuStructs.h">
      <Filter>Header Files\osu!</Filter>
    </ClInclude>
    <ClInclude Include="osu!\Analysis\Analysis.h">
      <Filter>Header Files\osu!\Analysis</Filter>
    </ClInclude>
    <ClInclude Include="osu!\Analysis\Analyzer.h">
      <Filter>Header Files\osu!\Analysis</Filter>
    </ClInclude>
    <ClInclude Include="osu!\Analysis\Beatmap\Velocity.h">
      <Filter>Header Files\osu!\Analysis\Beatmap</Filter>
    </ClInclude>
    <ClInclude Include="osu!\Analysis\AnalysisStruct.h">
      <Filter>Header Files\osu!\Analysis</Filter>
    </ClInclude>
    <ClInclude Include="osu!\Analysis\Beatmap\NoteRate.h">
      <Filter>Header Files\osu!\Analysis\Beatmap</Filter>
    </ClInclude>
    <ClInclude Include="osu!\Analysis\Beatmap\Overlaps.h">
      <Filter>Header Files\osu!\Analysis\Beatmap</Filter>
    </ClInclude>
    <ClInclude Include="osu!\Analysis\Beatmap\Difficulty\Reading.h">
      <Filter>Header Files\osu!\Analysis\Beatmap\Difficulty</Filter>
    </ClInclude>
    <ClInclude Include="osu!\Analysis\Beatmap\NoteRatePerKey.h">
      <Filter>Header Files\osu!\Analysis\Beatmap</Filter>
    </ClInclude>
    <ClInclude Include="osu!\Analysis\Beatmap\NoteRatePerKeyPrecise.h">
      <Filter>Header Files\osu!\Analysis\Beatmap</Filter>
    </ClInclude>
    <ClInclude Include="osu!\Analysis\Replay\aim-deviation.h">
      <Filter>Header Files\osu!\Analysis\Replay</Filter>
    </ClInclude>
    <ClInclude Include="osu!\Analysis\Replay\tap-deviation.h">
      <Filter>Header Files\osu!\Analysis\Replay</Filter>
    </ClInclude>
    <ClInclude Include="osu!\Analysis\Beatmap\Distance-size.h">
      <Filter>Header Files\osu!\Analysis\Beatmap</Filter>
    </ClInclude>
    <ClInclude Include="osu!\Analysis\Beatmap\TapEventIntervals.h">
      <Filter>Header Files\osu!\Analysis\Beatmap</Filter>
    </ClInclude>
    <ClInclude Include="osu!\Analysis\Score\AimScore.h">
      <Filter>Header Files\osu!\Analysis\Score</Filter>
    </ClInclude>
    <ClInclude Include="osu!\Analysis\Score\TapScore.h">
      <Filter>Header Files\osu!\Analysis\Score</Filter>
    </ClInclude>
    <ClInclude Include="osu!\Analysis\Beatmap\IntensityForHand.h">
      <Filter>Header Files\osu!\Analysis\Beatmap</Filter>
    </ClInclude>
    <ClInclude Include="utils\MD5\hl_exception.h">
      <Filter>Header Files\math\MD5</Filter>
    </ClInclude>
    <ClInclude Include="utils\MD5\hl_hashwrapper.h">
      <Filter>Header Files\math\MD5</Filter>
    </ClInclude>
    <ClInclude Include="utils\MD5\hl_md5.h">
      <Filter>Header Files\math\MD5</Filter>
    </ClInclude>
    <ClInclude Include="utils\MD5\hl_md5wrapper.h">
      <Filter>Header Files\math\MD5</Filter>
    </ClInclude>
    <ClInclude Include="utils\MD5\hl_types.h">
      <Filter>Header Files\math\MD5</Filter>
    </ClInclude>
    <ClInclude Include="osu!\Analysis\Replay\PressReleaseIntervals.h">
      <Filter>Header Files\osu!\Analysis\Replay</Filter>
    </ClInclude>
    <ClInclude Include="osu!\Analysis\Replay\ApparentDifficulty.h">
      <Filter>Header Files\osu!\Analysis\Replay</Filter>
    </ClInclude>
  </ItemGroup>
</Project>